
Microsoft Visual Studio Solution File, Format Version 12.00
# Visual Studio Version 17
VisualStudioVersion = 17.9.34616.47
MinimumVisualStudioVersion = 10.0.40219.1
Project("{FAE04EC0-301F-11D3-BF4B-00C04F79EFBC}") = "Week13", "Week13\Week13.csproj", "{009DDCA9-609B-4C9D-88FC-B9B7D50C8520}"
EndProject
Global
	GlobalSection(SolutionConfigurationPlatforms) = preSolution
		Debug|Any CPU = Debug|Any CPU
		Release|Any CPU = Release|Any CPU
	EndGlobalSection
	GlobalSection(ProjectConfigurationPlatforms) = postSolution
		{009DDCA9-609B-4C9D-88FC-B9B7D50C8520}.Debug|Any CPU.ActiveCfg = Debug|Any CPU
		{009DDCA9-609B-4C9D-88FC-B9B7D50C8520}.Debug|Any CPU.Build.0 = Debug|Any CPU
		{009DDCA9-609B-4C9D-88FC-B9B7D50C8520}.Release|Any CPU.ActiveCfg = Release|Any CPU
		{009DDCA9-609B-4C9D-88FC-B9B7D50C8520}.Release|Any CPU.Build.0 = Release|Any CPU
	EndGlobalSection
	GlobalSection(SolutionProperties) = preSolution
		HideSolutionNode = FALSE
	EndGlobalSection
	GlobalSection(ExtensibilityGlobals) = postSolution
		SolutionGuid = {DC4D626A-F356-44D6-BEE5-8F59A9C5F67A}
	EndGlobalSection
EndGlobal
